
Microsoft Visual Studio Solution File, Format Version 12.00
# Visual Studio Version 17
VisualStudioVersion = 17.14.36518.9 d17.14
MinimumVisualStudioVersion = 10.0.40219.1
Project("{FAE04EC0-301F-11D3-BF4B-00C04F79EFBC}") = "CustomWPF", "CustomWPF\CustomWPF.csproj", "{9181AA79-E304-4577-B2C3-C7956A65FADF}"
EndProject
Global
	GlobalSection(SolutionConfigurationPlatforms) = preSolution
		Debug|Any CPU = Debug|Any CPU
		Release|Any CPU = Release|Any CPU
	EndGlobalSection
	GlobalSection(ProjectConfigurationPlatforms) = postSolution
		{9181AA79-E304-4577-B2C3-C7956A65FADF}.Debug|Any CPU.ActiveCfg = Debug|Any CPU
		{9181AA79-E304-4577-B2C3-C7956A65FADF}.Debug|Any CPU.Build.0 = Debug|Any CPU
		{9181AA79-E304-4577-B2C3-C7956A65FADF}.Release|Any CPU.ActiveCfg = Release|Any CPU
		{9181AA79-E304-4577-B2C3-C7956A65FADF}.Release|Any CPU.Build.0 = Release|Any CPU
	EndGlobalSection
	GlobalSection(SolutionProperties) = preSolution
		HideSolutionNode = FALSE
	EndGlobalSection
	GlobalSection(ExtensibilityGlobals) = postSolution
		SolutionGuid = {49443D5D-16E5-4FE4-A8CC-43C7BF72B9BD}
	EndGlobalSection
EndGlobal
